
Microsoft Visual Studio Solution File, Format Version 12.00
# Visual Studio Version 17
VisualStudioVersion = 17.5.33424.131
MinimumVisualStudioVersion = 10.0.40219.1
Project("{9A19103F-16F7-4668-BE54-9A1E7A4F7556}") = "SC.VersionManagement", "SC.VersionManagement.csproj", "{D4498899-F9F7-4DCA-96EC-E13B426120CF}"
EndProject
Global
	GlobalSection(SolutionConfigurationPlatforms) = preSolution
		Debug|Any CPU = Debug|Any CPU
		Release|Any CPU = Release|Any CPU
	EndGlobalSection
	GlobalSection(ProjectConfigurationPlatforms) = postSolution
		{D4498899-F9F7-4DCA-96EC-E13B426120CF}.Debug|Any CPU.ActiveCfg = Debug|Any CPU
		{D4498899-F9F7-4DCA-96EC-E13B426120CF}.Debug|Any CPU.Build.0 = Debug|Any CPU
		{D4498899-F9F7-4DCA-96EC-E13B426120CF}.Release|Any CPU.ActiveCfg = Release|Any CPU
		{D4498899-F9F7-4DCA-96EC-E13B426120CF}.Release|Any CPU.Build.0 = Release|Any CPU
	EndGlobalSection
	GlobalSection(SolutionProperties) = preSolution
		HideSolutionNode = FALSE
	EndGlobalSection
	GlobalSection(ExtensibilityGlobals) = postSolution
		SolutionGuid = {7DC462BC-875B-4D8E-B669-5A48934F2EA2}
	EndGlobalSection
EndGlobal
